{
  "version": "2",
  "remote": {
    "https://deno.land/std@0.150.0/media_types/_util.ts": "ce9b4fc4ba1c447dafab619055e20fd88236ca6bdd7834a21f98bd193c3fbfa1",
    "https://deno.land/std@0.150.0/media_types/mod.ts": "2d4b6f32a087029272dc59e0a55ae3cc4d1b27b794ccf528e94b1925795b3118",
    "https://deno.land/std@0.150.0/media_types/vendor/mime-db.v1.52.0.ts": "724cee25fa40f1a52d3937d6b4fbbfdd7791ff55e1b7ac08d9319d5632c7f5af",
    "https://deno.land/std@0.192.0/_util/asserts.ts": "178dfc49a464aee693a7e285567b3d0b555dc805ff490505a8aae34f9cfb1462",
    "https://deno.land/std@0.192.0/async/abortable.ts": "fd682fa46f3b7b16b4606a5ab52a7ce309434b76f820d3221bdfb862719a15d7",
    "https://deno.land/std@0.192.0/async/deadline.ts": "58f72a3cc0fcb731b2cc055ba046f4b5be3349ff6bf98f2e793c3b969354aab2",
    "https://deno.land/std@0.192.0/async/debounce.ts": "adab11d04ca38d699444ac8a9d9856b4155e8dda2afd07ce78276c01ea5a4332",
    "https://deno.land/std@0.192.0/async/deferred.ts": "42790112f36a75a57db4a96d33974a936deb7b04d25c6084a9fa8a49f135def8",
    "https://deno.land/std@0.192.0/async/delay.ts": "73aa04cec034c84fc748c7be49bb15cac3dd43a57174bfdb7a4aec22c248f0dd",
    "https://deno.land/std@0.192.0/async/mod.ts": "f04344fa21738e5ad6bea37a6bfffd57c617c2d372bb9f9dcfd118a1b622e576",
    "https://deno.land/std@0.192.0/async/mux_async_iterator.ts": "70c7f2ee4e9466161350473ad61cac0b9f115cff4c552eaa7ef9d50c4cbb4cc9",
    "https://deno.land/std@0.192.0/async/pool.ts": "f1b8d3df4d7fd3c73f8cbc91cc2e8b8e950910f1eab94230b443944d7584c657",
    "https://deno.land/std@0.192.0/async/retry.ts": "6521c061a5ab24e8b1ae624bdc581c4243d1d574f99dc7f5a2a195c2241fb1b8",
    "https://deno.land/std@0.192.0/async/tee.ts": "47e42d35f622650b02234d43803d0383a89eb4387e1b83b5a40106d18ae36757",
    "https://deno.land/std@0.192.0/fmt/colors.ts": "d67e3cd9f472535241a8e410d33423980bec45047e343577554d3356e1f0ef4e",
    "https://deno.land/std@0.192.0/http/server.ts": "1b23463b5b36e4eebc495417f6af47a6f7d52e3294827a1226d2a1aab23d9d20",
    "https://deno.land/std@0.192.0/testing/_diff.ts": "1a3c044aedf77647d6cac86b798c6417603361b66b54c53331b312caeb447aea",
    "https://deno.land/std@0.192.0/testing/_format.ts": "a69126e8a469009adf4cf2a50af889aca364c349797e63174884a52ff75cf4c7",
    "https://deno.land/std@0.192.0/testing/asserts.ts": "e16d98b4d73ffc4ed498d717307a12500ae4f2cbe668f1a215632d19fcffc22f",
    "https://deno.land/x/xhr@0.3.0/mod.ts": "094aacd627fd9635cd942053bf8032b5223b909858fa9dc8ffa583752ff63b20",
    "https://deno.land/x/zod@v3.21.4/ZodError.ts": "4de18ff525e75a0315f2c12066b77b5c2ae18c7c15ef7df7e165d63536fdf2ea",
    "https://deno.land/x/zod@v3.21.4/errors.ts": "5285922d2be9700cc0c70c95e4858952b07ae193aa0224be3cbd5cd5567eabef",
    "https://deno.land/x/zod@v3.21.4/external.ts": "a6cfbd61e9e097d5f42f8a7ed6f92f93f51ff927d29c9fbaec04f03cbce130fe",
    "https://deno.land/x/zod@v3.21.4/helpers/enumUtil.ts": "54efc393cc9860e687d8b81ff52e980def00fa67377ad0bf8b3104f8a5bf698c",
    "https://deno.land/x/zod@v3.21.4/helpers/errorUtil.ts": "7a77328240be7b847af6de9189963bd9f79cab32bbc61502a9db4fe6683e2ea7",
    "https://deno.land/x/zod@v3.21.4/helpers/parseUtil.ts": "51a76c126ee212be86013d53a9d07f87e9ae04bb1496f2558e61b62cb74a6aa8",
    "https://deno.land/x/zod@v3.21.4/helpers/partialUtil.ts": "998c2fe79795257d4d1cf10361e74492f3b7d852f61057c7c08ac0a46488b7e7",
    "https://deno.land/x/zod@v3.21.4/helpers/typeAliases.ts": "0fda31a063c6736fc3cf9090dd94865c811dfff4f3cb8707b932bf937c6f2c3e",
    "https://deno.land/x/zod@v3.21.4/helpers/util.ts": "8baf19b19b2fca8424380367b90364b32503b6b71780269a6e3e67700bb02774",
    "https://deno.land/x/zod@v3.21.4/index.ts": "d27aabd973613985574bc31f39e45cb5d856aa122ef094a9f38a463b8ef1a268",
    "https://deno.land/x/zod@v3.21.4/locales/en.ts": "a7a25cd23563ccb5e0eed214d9b31846305ddbcdb9c5c8f508b108943366ab4c",
    "https://deno.land/x/zod@v3.21.4/mod.ts": "64e55237cb4410e17d968cd08975566059f27638ebb0b86048031b987ba251c4",
    "https://deno.land/x/zod@v3.21.4/types.ts": "b5d061babea250de14fc63764df5b3afa24f2b088a1d797fc060ba49a0ddff28",
    "https://esm.sh/@supabase/supabase-js@2.26.0": "571e0bc862e6344ede6d55dcf8d755683074072820e9be0645f325a2ba21e376",
    "https://esm.sh/v128/@supabase/functions-js@2.1.2/denonext/functions-js.mjs": "7a2eec32041447075e4909915e96b0a9468ce7a726d8f09eac621b32337f5d2c",
    "https://esm.sh/v128/@supabase/functions-js@2.1.2/dist/module/FunctionsClient.d.ts": "c2e7bcf24374e6b99863f214eeef71e13d2c271039b48c9052c97f0cb3a16950",
    "https://esm.sh/v128/@supabase/functions-js@2.1.2/dist/module/index.d.ts": "1832b08edacd73b343430314bdf7af9ce456373fa3c5235b8dcdbbdf4e1d13ae",
    "https://esm.sh/v128/@supabase/functions-js@2.1.2/dist/module/types.d.ts": "085a4704c1c8969bcb9188fc018792f0c4e0387c465d26512ffc91d083767b76",
    "https://esm.sh/v128/@supabase/gotrue-js@2.37.0/denonext/gotrue-js.mjs": "c079338e146a7a36871706826736ad15ce059b291b09972fd00078cc30c9d586",
    "https://esm.sh/v128/@supabase/gotrue-js@2.37.0/dist/module/GoTrueAdminApi.d.ts": "b65243c1c313802cb84148d6f2de44f58b730b24b7812434d23c4120ddf8cafb",
    "https://esm.sh/v128/@supabase/gotrue-js@2.37.0/dist/module/GoTrueClient.d.ts": "ec0e06158bfe27e4c57231f6d70d94f34b126f1f59b77709c3fe11b2ca664611",
    "https://esm.sh/v128/@supabase/gotrue-js@2.37.0/dist/module/index.d.ts": "8cdbab5746a3ce56786025593191032aeb560f933279507c260d2bb65e83b636",
    "https://esm.sh/v128/@supabase/gotrue-js@2.37.0/dist/module/lib/errors.d.ts": "82cf5f1e40f822c309f3301524b4cb6e50b7ef847dbedad47a1c14f1a3cbaf45",
    "https://esm.sh/v128/@supabase/gotrue-js@2.37.0/dist/module/lib/fetch.d.ts": "0124365bdd93bdaefc37112cad6eafefdb01ae36c657770a64df7dbf5f305342",
    "https://esm.sh/v128/@supabase/gotrue-js@2.37.0/dist/module/lib/helpers.d.ts": "5ecb2cb22300da6b8f8f0a7c6ee8e1a6920ef274b2d2f4370320902f1950f363",
    "https://esm.sh/v128/@supabase/gotrue-js@2.37.0/dist/module/lib/types.d.ts": "79adcebdcf3a803189f644ba0ca0bf3165e281e476d8a6f79427e2dfa80af548",
    "https://esm.sh/v128/@supabase/postgrest-js@1.7.1/denonext/postgrest-js.mjs": "8fd47723063ee395a9d1b301689e422f7d75b7f520bf2b1c73464fa54a8c05fd",
    "https://esm.sh/v128/@supabase/postgrest-js@1.7.1/dist/module/PostgrestBuilder.d.ts": "ee10b40dfca08fccf846e2d4f21e1273dd6170629e04e8454937b79c4a073195",
    "https://esm.sh/v128/@supabase/postgrest-js@1.7.1/dist/module/PostgrestClient.d.ts": "70bddc51d63d92a5f6817be70f4e0d232c6758b425792adb6a9912844aa18747",
    "https://esm.sh/v128/@supabase/postgrest-js@1.7.1/dist/module/PostgrestFilterBuilder.d.ts": "1b2934af0d34dd2501e7336c09ae6dedd89772739f714c8f03680965d0c264e9",
    "https://esm.sh/v128/@supabase/postgrest-js@1.7.1/dist/module/PostgrestQueryBuilder.d.ts": "438f51f19e22fbe512111f69ec3e1978b18eaaac1c31cbbaa45faa45fa933f37",
    "https://esm.sh/v128/@supabase/postgrest-js@1.7.1/dist/module/PostgrestTransformBuilder.d.ts": "965a3d89daa3b630e6f53ebc1494865f56724b787f4a4420e58fa5f80c387d40",
    "https://esm.sh/v128/@supabase/postgrest-js@1.7.1/dist/module/index.d.ts": "fffbd398e6b4db2b1320e819d395493f3169219cfec082e09787ae2bb02baaa3",
    "https://esm.sh/v128/@supabase/postgrest-js@1.7.1/dist/module/select-query-parser.d.ts": "5f23f759d0d26b4e041962241af55f4231628351b6a70375da4276a7c6c5f3cc",
    "https://esm.sh/v128/@supabase/postgrest-js@1.7.1/dist/module/types.d.ts": "b62bb9fdf20676f829bcf01b2348c9766b5d14a0451a964496e96ac49fcc2758",
    "https://esm.sh/v128/@supabase/realtime-js@2.7.3/denonext/realtime-js.mjs": "abba1b90c1356ad509d844c98ee2287cbb85eaf1d369580cad383c830fe890d7",
    "https://esm.sh/v128/@supabase/realtime-js@2.7.3/dist/module/RealtimeChannel.d.ts": "25649c81d3afb47af94fcaad4e018c41082a5cabd7c7be8c31f1ae73f85a9feb",
    "https://esm.sh/v128/@supabase/realtime-js@2.7.3/dist/module/RealtimeClient.d.ts": "ea4350b7b29aac046103c1ec01e62e0079dbfe8c36a79ed1d7097f5334e2f09b",
    "https://esm.sh/v128/@supabase/realtime-js@2.7.3/dist/module/RealtimePresence.d.ts": "cdaa700b4f5f1ed0a0ad42d38697f48e9d90d0ce7972242de3f8be6b49cfb7c6",
    "https://esm.sh/v128/@supabase/realtime-js@2.7.3/dist/module/index.d.ts": "eeff0dbcd61707a889eb2370cf3617ef42ddc2f71d7d4d18e1e43542893c066d",
    "https://esm.sh/v128/@supabase/realtime-js@2.7.3/dist/module/lib/constants.d.ts": "b8392f2eb7cf41c3479c142875adbbe4b48bfafdced532165abc1cc68aa20cb5",
    "https://esm.sh/v128/@supabase/realtime-js@2.7.3/dist/module/lib/push.d.ts": "6c8e66ded1b50971ca48cbe5e33e02042f291b330f5010771925a054baec523d",
    "https://esm.sh/v128/@supabase/realtime-js@2.7.3/dist/module/lib/serializer.d.ts": "4990f875f6e9a1898655fdba7b822222f8b930bfb7c9253b4f047aa4b05d4ca1",
    "https://esm.sh/v128/@supabase/realtime-js@2.7.3/dist/module/lib/timer.d.ts": "ddf170afd193dc372316ed1f4a087f0e9732a5b8bd9cb9e5c3ac74f1cc676e31",
    "https://esm.sh/v128/@supabase/storage-js@2.5.1/denonext/storage-js.mjs": "f592da18a4a21342e2473f98af8bf2d4364c4b66e44d64a3be236c74b3e9f377",
    "https://esm.sh/v128/@supabase/storage-js@2.5.1/dist/module/StorageClient.d.ts": "716bdde7f3ea8f49606ac540ceb4b410facb9526668711ffb5676f7935f3408d",
    "https://esm.sh/v128/@supabase/storage-js@2.5.1/dist/module/index.d.ts": "07800a0eea5587ec26d8932a4f5f10871b9e017292ab05b74b27154fb5f98860",
    "https://esm.sh/v128/@supabase/storage-js@2.5.1/dist/module/lib/errors.d.ts": "753c82a97a0e1b05fec3989af93e4fbf2f4a3da3957584613768593ef5cc8bfc",
    "https://esm.sh/v128/@supabase/storage-js@2.5.1/dist/module/lib/fetch.d.ts": "18b68d37f6564cc754ade6371fc7e655a775e91b10abf0f45d0c037b93436761",
    "https://esm.sh/v128/@supabase/storage-js@2.5.1/dist/module/lib/types.d.ts": "bc29b8f4d3255b1a4de8fad248d4d639a7bd6f068811abc64e63e56fbf82cd75",
    "https://esm.sh/v128/@supabase/storage-js@2.5.1/dist/module/packages/StorageBucketApi.d.ts": "a208086081d13b7c864b62d35dcda19613662bc84470d792ef37ddcebccc5d70",
    "https://esm.sh/v128/@supabase/storage-js@2.5.1/dist/module/packages/StorageFileApi.d.ts": "706060d10f77ef732aca4faa3cf9c1d52a1eae42b8342b93170bfbf7e1bb4a52",
    "https://esm.sh/v128/@supabase/supabase-js@2.26.0/denonext/supabase-js.mjs": "d5b945c1eec14a273efee3b16b568d6baa397bc7f283c297e7ef7b01724d64ff",
    "https://esm.sh/v128/@supabase/supabase-js@2.26.0/dist/module/SupabaseClient.d.ts": "e79a6f095142a6e3389e72cae9a2ad973893846c1f883c8b3b6518f57c83bd88",
    "https://esm.sh/v128/@supabase/supabase-js@2.26.0/dist/module/index.d.ts": "e28608b318fb9893430ced9605d904519064e8fe252b724cd4778ae050dcefc0",
    "https://esm.sh/v128/@supabase/supabase-js@2.26.0/dist/module/lib/SupabaseAuthClient.d.ts": "2d4997cc832cdc63dafcfaaf68c1636f55c45c52e85bd1d599de1cb2c2b77f8f",
    "https://esm.sh/v128/@supabase/supabase-js@2.26.0/dist/module/lib/types.d.ts": "719f0f1224758e407deccb751b0f6659aee229102b2653856f1c5e864f7aaf03",
    "https://esm.sh/v128/@types/phoenix@1.5.6/index.d.ts": "2b9f54bc632b077439fa3fb07a9daf30a77c668c27ef2ea14d3382acb445aca3",
    "https://esm.sh/v128/cross-fetch@3.1.7/denonext/cross-fetch.mjs": "f932dd6bfa0e1b031d7d18dc753f3f8c5d53cb31b35239d4153ed6c72d69f92a",
    "https://esm.sh/v128/cross-fetch@3.1.8/denonext/cross-fetch.mjs": "8fba9e7c3fbaf0d2168beb63ce0cd21b5bfbfbd77e2fcbf8d957d533a71222f6",
    "https://esm.sh/v128/es5-ext@0.10.62/denonext/global.js": "2f51d9acef1f761faaa542da919b3c747744ea29fe709d0a904fd531716a93d6",
    "https://esm.sh/v128/node.ns.d.ts": "0fb081f0cd2150931bd54baa04f31466abd9ca701fd9060d07931402cf8367ba",
    "https://esm.sh/v128/websocket@1.0.34/denonext/websocket.mjs": "568de58cd68c17857b0c2a7d8cd490720e37b9e6299b09332b70a6f57681ac5c"
  },
  "npm": {
    "specifiers": {
      "@paralleldrive/cuid2": "@paralleldrive/cuid2@2.2.1"
    },
    "packages": {
      "@noble/hashes@1.3.1": {
        "integrity": "sha512-EbqwksQwz9xDRGfDST86whPBgM65E0OH/pCgqW0GBVzO22bNE+NuIbeTb714+IfSjU3aRk47EUvXIb5bTsenKA==",
        "dependencies": {}
      },
      "@paralleldrive/cuid2@2.2.1": {
        "integrity": "sha512-GJhHYlMhyT2gWemDL7BGMWfTNhspJKkikLKh9wAy3z4GTTINvTYALkUd+eGQK7aLeVkVzPuSA0VCT3H5eEWbbw==",
        "dependencies": {
          "@noble/hashes": "@noble/hashes@1.3.1"
        }
      }
    }
  }
}
