{
  "version": "2",
  "remote": {
    "https://deno.land/std@0.127.0/_util/assert.ts": "6396c1bd0361c4939e7f32f9b03efffcd04b640a1b206ed67058553d6cb59cc4",
    "https://deno.land/std@0.127.0/_util/os.ts": "49b92edea1e82ba295ec946de8ffd956ed123e2948d9bd1d3e901b04e4307617",
    "https://deno.land/std@0.127.0/encoding/base64.ts": "784384e3cc39c59534d15f71e87f5b8da73cc5e1460417eb32ec9d62617d4f87",
    "https://deno.land/std@0.127.0/path/_constants.ts": "df1db3ffa6dd6d1252cc9617e5d72165cd2483df90e93833e13580687b6083c3",
    "https://deno.land/std@0.127.0/path/_interface.ts": "ee3b431a336b80cf445441109d089b70d87d5e248f4f90ff906820889ecf8d09",
    "https://deno.land/std@0.127.0/path/_util.ts": "c1e9686d0164e29f7d880b2158971d805b6e0efc3110d0b3e24e4b8af2190d2b",
    "https://deno.land/std@0.127.0/path/common.ts": "bee563630abd2d97f99d83c96c2fa0cca7cee103e8cb4e7699ec4d5db7bd2633",
    "https://deno.land/std@0.127.0/path/glob.ts": "cb5255638de1048973c3e69e420c77dc04f75755524cb3b2e160fe9277d939ee",
    "https://deno.land/std@0.127.0/path/mod.ts": "4275129bb766f0e475ecc5246aa35689eeade419d72a48355203f31802640be7",
    "https://deno.land/std@0.127.0/path/posix.ts": "663e4a6fe30a145f56aa41a22d95114c4c5582d8b57d2d7c9ed27ad2c47636bb",
    "https://deno.land/std@0.127.0/path/separator.ts": "fe1816cb765a8068afb3e8f13ad272351c85cbc739af56dacfc7d93d710fe0f9",
    "https://deno.land/std@0.127.0/path/win32.ts": "e7bdf63e8d9982b4d8a01ef5689425c93310ece950e517476e22af10f41a136e",
    "https://deno.land/std@0.150.0/media_types/_util.ts": "ce9b4fc4ba1c447dafab619055e20fd88236ca6bdd7834a21f98bd193c3fbfa1",
    "https://deno.land/std@0.150.0/media_types/mod.ts": "2d4b6f32a087029272dc59e0a55ae3cc4d1b27b794ccf528e94b1925795b3118",
    "https://deno.land/std@0.150.0/media_types/vendor/mime-db.v1.52.0.ts": "724cee25fa40f1a52d3937d6b4fbbfdd7791ff55e1b7ac08d9319d5632c7f5af",
    "https://deno.land/std@0.159.0/encoding/ascii85.ts": "f2b9cb8da1a55b3f120d3de2e78ac993183a4fd00dfa9cb03b51cf3a75bc0baa",
    "https://deno.land/std@0.162.0/_util/assert.ts": "e94f2eb37cebd7f199952e242c77654e43333c1ac4c5c700e929ea3aa5489f74",
    "https://deno.land/std@0.162.0/bytes/bytes_list.ts": "aba5e2369e77d426b10af1de0dcc4531acecec27f9b9056f4f7bfbf8ac147ab4",
    "https://deno.land/std@0.162.0/bytes/equals.ts": "3c3558c3ae85526f84510aa2b48ab2ad7bdd899e2e0f5b7a8ffc85acb3a6043a",
    "https://deno.land/std@0.162.0/bytes/mod.ts": "b2e342fd3669176a27a4e15061e9d588b89c1aaf5008ab71766e23669565d179",
    "https://deno.land/std@0.162.0/io/buffer.ts": "fae02290f52301c4e0188670e730cd902f9307fb732d79c4aa14ebdc82497289",
    "https://deno.land/std@0.162.0/io/types.d.ts": "107e1e64834c5ba917c783f446b407d33432c5d612c4b3430df64fc2b4ecf091",
    "https://deno.land/std@0.162.0/streams/conversion.ts": "555c6c249f3acf85655f2d0af52d1cb3168e40b1c1fa26beefea501b333abe28",
    "https://deno.land/std@0.192.0/_util/asserts.ts": "178dfc49a464aee693a7e285567b3d0b555dc805ff490505a8aae34f9cfb1462",
    "https://deno.land/std@0.192.0/async/abortable.ts": "fd682fa46f3b7b16b4606a5ab52a7ce309434b76f820d3221bdfb862719a15d7",
    "https://deno.land/std@0.192.0/async/deadline.ts": "58f72a3cc0fcb731b2cc055ba046f4b5be3349ff6bf98f2e793c3b969354aab2",
    "https://deno.land/std@0.192.0/async/debounce.ts": "adab11d04ca38d699444ac8a9d9856b4155e8dda2afd07ce78276c01ea5a4332",
    "https://deno.land/std@0.192.0/async/deferred.ts": "42790112f36a75a57db4a96d33974a936deb7b04d25c6084a9fa8a49f135def8",
    "https://deno.land/std@0.192.0/async/delay.ts": "73aa04cec034c84fc748c7be49bb15cac3dd43a57174bfdb7a4aec22c248f0dd",
    "https://deno.land/std@0.192.0/async/mod.ts": "f04344fa21738e5ad6bea37a6bfffd57c617c2d372bb9f9dcfd118a1b622e576",
    "https://deno.land/std@0.192.0/async/mux_async_iterator.ts": "70c7f2ee4e9466161350473ad61cac0b9f115cff4c552eaa7ef9d50c4cbb4cc9",
    "https://deno.land/std@0.192.0/async/pool.ts": "f1b8d3df4d7fd3c73f8cbc91cc2e8b8e950910f1eab94230b443944d7584c657",
    "https://deno.land/std@0.192.0/async/retry.ts": "6521c061a5ab24e8b1ae624bdc581c4243d1d574f99dc7f5a2a195c2241fb1b8",
    "https://deno.land/std@0.192.0/async/tee.ts": "47e42d35f622650b02234d43803d0383a89eb4387e1b83b5a40106d18ae36757",
    "https://deno.land/std@0.192.0/fmt/colors.ts": "d67e3cd9f472535241a8e410d33423980bec45047e343577554d3356e1f0ef4e",
    "https://deno.land/std@0.192.0/http/server.ts": "1b23463b5b36e4eebc495417f6af47a6f7d52e3294827a1226d2a1aab23d9d20",
    "https://deno.land/std@0.192.0/testing/_diff.ts": "1a3c044aedf77647d6cac86b798c6417603361b66b54c53331b312caeb447aea",
    "https://deno.land/std@0.192.0/testing/_format.ts": "a69126e8a469009adf4cf2a50af889aca364c349797e63174884a52ff75cf4c7",
    "https://deno.land/std@0.192.0/testing/asserts.ts": "e16d98b4d73ffc4ed498d717307a12500ae4f2cbe668f1a215632d19fcffc22f",
    "https://deno.land/std@0.192.0/testing/mock.ts": "220ed9b8151cb2cac141043d4cfea7c47673fab5d18d1c1f0943297c8afb5d13",
    "https://deno.land/x/brotli@0.1.7/mod.ts": "08b913e51488b6e7fa181f2814b9ad087fdb5520041db0368f8156bfa45fd73e",
    "https://deno.land/x/brotli@0.1.7/wasm.js": "77771b89e89ec7ff6e3e0939a7fb4f9b166abec3504cec0532ad5c127d6f35d2",
    "https://deno.land/x/eszip@v0.35.0/eszip_wasm.generated.js": "19ec5ee17dba6ec59ddc8f5836f3f2bef332982d9772e7f42d78b89250baffac",
    "https://deno.land/x/eszip@v0.35.0/loader.ts": "31bae51763d86b8e60df3b3a8d0359e71d2ff32451af5f27ff7854bdd6f1f726",
    "https://deno.land/x/eszip@v0.35.0/mod.ts": "1ab71595e9f0b771987276f96d323c3e03ad7f41fc653b38c44dfd51439c20e1",
    "https://deno.land/x/lz4@v0.1.2/mod.ts": "4decfc1a3569d03fd1813bd39128b71c8f082850fe98ecfdde20025772916582",
    "https://deno.land/x/lz4@v0.1.2/wasm.js": "b9c65605327ba273f0c76a6dc596ec534d4cda0f0225d7a94ebc606782319e46",
    "https://deno.land/x/xhr@0.3.0/mod.ts": "094aacd627fd9635cd942053bf8032b5223b909858fa9dc8ffa583752ff63b20",
    "https://esm.sh/@supabase/supabase-js@2.26.0": "11675063f4fd07fbf27182b20869d0089af17b6195a48409f26fcaa040254a9d",
    "https://esm.sh/v127/@supabase/functions-js@2.1.2/denonext/functions-js.mjs": "156de25879b650983d96aba7c1c8fb40e59e06b7189168756baf2c97f1620cb5",
    "https://esm.sh/v127/@supabase/functions-js@2.1.2/dist/module/FunctionsClient.d.ts": "c2e7bcf24374e6b99863f214eeef71e13d2c271039b48c9052c97f0cb3a16950",
    "https://esm.sh/v127/@supabase/functions-js@2.1.2/dist/module/index.d.ts": "1832b08edacd73b343430314bdf7af9ce456373fa3c5235b8dcdbbdf4e1d13ae",
    "https://esm.sh/v127/@supabase/functions-js@2.1.2/dist/module/types.d.ts": "085a4704c1c8969bcb9188fc018792f0c4e0387c465d26512ffc91d083767b76",
    "https://esm.sh/v127/@supabase/gotrue-js@2.31.0/denonext/gotrue-js.mjs": "cf29ca8529297a993f861150ca3d22c805092fb847d1f509a39eb71666e2904a",
    "https://esm.sh/v127/@supabase/gotrue-js@2.31.0/dist/module/GoTrueAdminApi.d.ts": "b65243c1c313802cb84148d6f2de44f58b730b24b7812434d23c4120ddf8cafb",
    "https://esm.sh/v127/@supabase/gotrue-js@2.31.0/dist/module/GoTrueClient.d.ts": "12e2ddfe1750919727ec7d560a77cff3708f638e6c575797e7d02dd26ef764a9",
    "https://esm.sh/v127/@supabase/gotrue-js@2.31.0/dist/module/index.d.ts": "8cdbab5746a3ce56786025593191032aeb560f933279507c260d2bb65e83b636",
    "https://esm.sh/v127/@supabase/gotrue-js@2.31.0/dist/module/lib/errors.d.ts": "a5d37cc0196fe0c097bc83d4613d259fa83abf2e041a48e7bf3a2b4c35bf4fac",
    "https://esm.sh/v127/@supabase/gotrue-js@2.31.0/dist/module/lib/fetch.d.ts": "0124365bdd93bdaefc37112cad6eafefdb01ae36c657770a64df7dbf5f305342",
    "https://esm.sh/v127/@supabase/gotrue-js@2.31.0/dist/module/lib/helpers.d.ts": "5ecb2cb22300da6b8f8f0a7c6ee8e1a6920ef274b2d2f4370320902f1950f363",
    "https://esm.sh/v127/@supabase/gotrue-js@2.31.0/dist/module/lib/types.d.ts": "cac0169fe7f90643b5c8b7df2fb06abb819bb8a7f062167afefd16072183e1bb",
    "https://esm.sh/v127/@supabase/postgrest-js@1.7.1/denonext/postgrest-js.mjs": "4f236902e839ec87e56998b899c3a1b8fb28c314b12a894566bff17a3c00d578",
    "https://esm.sh/v127/@supabase/postgrest-js@1.7.1/dist/module/PostgrestBuilder.d.ts": "ee10b40dfca08fccf846e2d4f21e1273dd6170629e04e8454937b79c4a073195",
    "https://esm.sh/v127/@supabase/postgrest-js@1.7.1/dist/module/PostgrestClient.d.ts": "70bddc51d63d92a5f6817be70f4e0d232c6758b425792adb6a9912844aa18747",
    "https://esm.sh/v127/@supabase/postgrest-js@1.7.1/dist/module/PostgrestFilterBuilder.d.ts": "1b2934af0d34dd2501e7336c09ae6dedd89772739f714c8f03680965d0c264e9",
    "https://esm.sh/v127/@supabase/postgrest-js@1.7.1/dist/module/PostgrestQueryBuilder.d.ts": "438f51f19e22fbe512111f69ec3e1978b18eaaac1c31cbbaa45faa45fa933f37",
    "https://esm.sh/v127/@supabase/postgrest-js@1.7.1/dist/module/PostgrestTransformBuilder.d.ts": "965a3d89daa3b630e6f53ebc1494865f56724b787f4a4420e58fa5f80c387d40",
    "https://esm.sh/v127/@supabase/postgrest-js@1.7.1/dist/module/index.d.ts": "fffbd398e6b4db2b1320e819d395493f3169219cfec082e09787ae2bb02baaa3",
    "https://esm.sh/v127/@supabase/postgrest-js@1.7.1/dist/module/select-query-parser.d.ts": "5f23f759d0d26b4e041962241af55f4231628351b6a70375da4276a7c6c5f3cc",
    "https://esm.sh/v127/@supabase/postgrest-js@1.7.1/dist/module/types.d.ts": "b62bb9fdf20676f829bcf01b2348c9766b5d14a0451a964496e96ac49fcc2758",
    "https://esm.sh/v127/@supabase/realtime-js@2.7.3/denonext/dist/module/RealtimeChannel.js": "5de0cca2a205bc78b86c3dfbada1d0b13956d969fd456f8ddb4d46d9eb81bb60",
    "https://esm.sh/v127/@supabase/realtime-js@2.7.3/denonext/dist/module/RealtimeClient.js": "f581b660d56b82aaf84c79f200042b85b891d32f6b601871e3526df86b721978",
    "https://esm.sh/v127/@supabase/realtime-js@2.7.3/denonext/dist/module/RealtimePresence.js": "dfb5fa4b8ccf3364a4b1b229ed9cb531350e941ffea434e4bc779b73f907cb72",
    "https://esm.sh/v127/@supabase/realtime-js@2.7.3/denonext/realtime-js.mjs": "3e48682d377c123e6bfcd01671499a3164b8f6615a35aaef6e56eb1e3232bee1",
    "https://esm.sh/v127/@supabase/realtime-js@2.7.3/dist/module/RealtimeChannel": "6d8e1b04f943bbaf1023aa54d8b9a9dde11ab03daf713ffc62da36c426ffea78",
    "https://esm.sh/v127/@supabase/realtime-js@2.7.3/dist/module/RealtimeChannel.d.ts": "552dd6777572d25797077730c113b3ea8d067a03a2c729b99b409e80e804dedb",
    "https://esm.sh/v127/@supabase/realtime-js@2.7.3/dist/module/RealtimeClient": "f4d73160829eca0fd558c33e6a2d865ac9e4379f64323f3fbe305e7876cf1495",
    "https://esm.sh/v127/@supabase/realtime-js@2.7.3/dist/module/RealtimeClient.d.ts": "ea4350b7b29aac046103c1ec01e62e0079dbfe8c36a79ed1d7097f5334e2f09b",
    "https://esm.sh/v127/@supabase/realtime-js@2.7.3/dist/module/RealtimePresence": "87357c0d3dbf3f75dfa4666fa76c02bda15fdb88ad8b7fbf67d9c23e37d57fbb",
    "https://esm.sh/v127/@supabase/realtime-js@2.7.3/dist/module/RealtimePresence.d.ts": "84b8b03c60890618cb75120fd0d363ffe02ad4afd85d7d4171fb09745f151065",
    "https://esm.sh/v127/@supabase/realtime-js@2.7.3/dist/module/index.d.ts": "d9cb106abd747f493a75b5e9ee01ca9638d7bf160be02dd72120d3ac15fd52ca",
    "https://esm.sh/v127/@supabase/realtime-js@2.7.3/dist/module/lib/constants.d.ts": "b8392f2eb7cf41c3479c142875adbbe4b48bfafdced532165abc1cc68aa20cb5",
    "https://esm.sh/v127/@supabase/realtime-js@2.7.3/dist/module/lib/push.d.ts": "6c8e66ded1b50971ca48cbe5e33e02042f291b330f5010771925a054baec523d",
    "https://esm.sh/v127/@supabase/realtime-js@2.7.3/dist/module/lib/serializer.d.ts": "4990f875f6e9a1898655fdba7b822222f8b930bfb7c9253b4f047aa4b05d4ca1",
    "https://esm.sh/v127/@supabase/realtime-js@2.7.3/dist/module/lib/timer.d.ts": "ddf170afd193dc372316ed1f4a087f0e9732a5b8bd9cb9e5c3ac74f1cc676e31",
    "https://esm.sh/v127/@supabase/storage-js@2.5.1/denonext/storage-js.mjs": "45167968a2fe845fab131583140913a28ec274f57bb4a29da2fda5116b86e24f",
    "https://esm.sh/v127/@supabase/storage-js@2.5.1/dist/module/StorageClient.d.ts": "716bdde7f3ea8f49606ac540ceb4b410facb9526668711ffb5676f7935f3408d",
    "https://esm.sh/v127/@supabase/storage-js@2.5.1/dist/module/index.d.ts": "07800a0eea5587ec26d8932a4f5f10871b9e017292ab05b74b27154fb5f98860",
    "https://esm.sh/v127/@supabase/storage-js@2.5.1/dist/module/lib/errors.d.ts": "753c82a97a0e1b05fec3989af93e4fbf2f4a3da3957584613768593ef5cc8bfc",
    "https://esm.sh/v127/@supabase/storage-js@2.5.1/dist/module/lib/fetch.d.ts": "18b68d37f6564cc754ade6371fc7e655a775e91b10abf0f45d0c037b93436761",
    "https://esm.sh/v127/@supabase/storage-js@2.5.1/dist/module/lib/types.d.ts": "bc29b8f4d3255b1a4de8fad248d4d639a7bd6f068811abc64e63e56fbf82cd75",
    "https://esm.sh/v127/@supabase/storage-js@2.5.1/dist/module/packages/StorageBucketApi.d.ts": "a208086081d13b7c864b62d35dcda19613662bc84470d792ef37ddcebccc5d70",
    "https://esm.sh/v127/@supabase/storage-js@2.5.1/dist/module/packages/StorageFileApi.d.ts": "6fd982bf4664c6d96a7b5c059d6d095dcbdbb34e73954faee927703c4fbdb985",
    "https://esm.sh/v127/@supabase/supabase-js@2.26.0/denonext/supabase-js.mjs": "fc21bc511fd4cc5fb733b13a5f3b9498b01d10535b66a3cb281c20c46a5c13a6",
    "https://esm.sh/v127/@supabase/supabase-js@2.26.0/dist/module/SupabaseClient.d.ts": "93cf66b46dc7aaa89eae224862559680c76fed89b30c852a59fd163a63f97d3e",
    "https://esm.sh/v127/@supabase/supabase-js@2.26.0/dist/module/index.d.ts": "dbf3af99d8fb44859cbf4dbae63c6c45ea232c8f30de5725dc8fc38ffbbb7e10",
    "https://esm.sh/v127/@supabase/supabase-js@2.26.0/dist/module/lib/SupabaseAuthClient.d.ts": "f198d13ddca10ac6b74850d5f8bf9a3666bb4f3cfb19983f65a02ee3aa61f1a2",
    "https://esm.sh/v127/@supabase/supabase-js@2.26.0/dist/module/lib/types.d.ts": "7e77d48832d6b235aef67f46c4543a43fcc3d8bbf5efc7f7fe1e552e3972e6d4",
    "https://esm.sh/v127/@types/phoenix@1.5.6/index.d.ts": "2b9f54bc632b077439fa3fb07a9daf30a77c668c27ef2ea14d3382acb445aca3",
    "https://esm.sh/v127/cross-fetch@3.1.6/denonext/cross-fetch.mjs": "12b9b65edc8d71446bd5aea4454d390a36a5d72fc55fcf956752d0772cf7cd0e",
    "https://esm.sh/v127/es5-ext@0.10.62/denonext/global.js": "2f51d9acef1f761faaa542da919b3c747744ea29fe709d0a904fd531716a93d6",
    "https://esm.sh/v127/node.ns.d.ts": "0fb081f0cd2150931bd54baa04f31466abd9ca701fd9060d07931402cf8367ba",
    "https://esm.sh/v127/websocket@1.0.34/denonext/websocket.mjs": "8bf7b0dfe8aba96efe002978f2a95fb63a0423ab2ecde86e08a0acbb640f994a"
  }
}
