{
  "version": "2",
  "remote": {
    "https://deno.land/std@0.150.0/media_types/_util.ts": "ce9b4fc4ba1c447dafab619055e20fd88236ca6bdd7834a21f98bd193c3fbfa1",
    "https://deno.land/std@0.150.0/media_types/mod.ts": "2d4b6f32a087029272dc59e0a55ae3cc4d1b27b794ccf528e94b1925795b3118",
    "https://deno.land/std@0.150.0/media_types/vendor/mime-db.v1.52.0.ts": "724cee25fa40f1a52d3937d6b4fbbfdd7791ff55e1b7ac08d9319d5632c7f5af",
    "https://deno.land/std@0.167.0/dotenv/mod.ts": "9846f28b263c0c793345d74939f69bf34b46446aa2450e070c10a2140064165a",
    "https://deno.land/std@0.167.0/dotenv/util.ts": "6cc392f087577a26a27f0463f77cc0c31a390aa055917099935b36eb2454592d",
    "https://deno.land/x/hex@0.6.5/src/lib/options/deps.ts": "f04ff0c6902ccc0878eac785975050c0ba61627fa8a0b543cf6ddbea4168817f",
    "https://deno.land/x/hex@0.6.5/src/lib/options/env.ts": "779e5e6f5f255e2f4689069c43b1983a5a4b17bccc4a06a7f0663e81f9f27903",
    "https://deno.land/x/hex@0.6.5/src/lib/stdx/dotenv.ts": "2649b5b810cf4c36076b63a0733daa67a0732d7e16769ed334d34a0484cca6f8",
    "https://deno.land/x/xhr@0.3.0/mod.ts": "094aacd627fd9635cd942053bf8032b5223b909858fa9dc8ffa583752ff63b20",
    "https://deno.land/x/zod@v3.21.4/ZodError.ts": "4de18ff525e75a0315f2c12066b77b5c2ae18c7c15ef7df7e165d63536fdf2ea",
    "https://deno.land/x/zod@v3.21.4/errors.ts": "5285922d2be9700cc0c70c95e4858952b07ae193aa0224be3cbd5cd5567eabef",
    "https://deno.land/x/zod@v3.21.4/external.ts": "a6cfbd61e9e097d5f42f8a7ed6f92f93f51ff927d29c9fbaec04f03cbce130fe",
    "https://deno.land/x/zod@v3.21.4/helpers/enumUtil.ts": "54efc393cc9860e687d8b81ff52e980def00fa67377ad0bf8b3104f8a5bf698c",
    "https://deno.land/x/zod@v3.21.4/helpers/errorUtil.ts": "7a77328240be7b847af6de9189963bd9f79cab32bbc61502a9db4fe6683e2ea7",
    "https://deno.land/x/zod@v3.21.4/helpers/parseUtil.ts": "51a76c126ee212be86013d53a9d07f87e9ae04bb1496f2558e61b62cb74a6aa8",
    "https://deno.land/x/zod@v3.21.4/helpers/partialUtil.ts": "998c2fe79795257d4d1cf10361e74492f3b7d852f61057c7c08ac0a46488b7e7",
    "https://deno.land/x/zod@v3.21.4/helpers/typeAliases.ts": "0fda31a063c6736fc3cf9090dd94865c811dfff4f3cb8707b932bf937c6f2c3e",
    "https://deno.land/x/zod@v3.21.4/helpers/util.ts": "8baf19b19b2fca8424380367b90364b32503b6b71780269a6e3e67700bb02774",
    "https://deno.land/x/zod@v3.21.4/index.ts": "d27aabd973613985574bc31f39e45cb5d856aa122ef094a9f38a463b8ef1a268",
    "https://deno.land/x/zod@v3.21.4/locales/en.ts": "a7a25cd23563ccb5e0eed214d9b31846305ddbcdb9c5c8f508b108943366ab4c",
    "https://deno.land/x/zod@v3.21.4/mod.ts": "64e55237cb4410e17d968cd08975566059f27638ebb0b86048031b987ba251c4",
    "https://deno.land/x/zod@v3.21.4/types.ts": "b5d061babea250de14fc63764df5b3afa24f2b088a1d797fc060ba49a0ddff28",
    "https://esm.sh/@paralleldrive/cuid2@2.2.1": "9eb45637825ea059dccf0de47e38c7453d182f4a5d4114007c4651028a5575a0",
    "https://esm.sh/@supabase/supabase-js@2.29.0": "a4e4953cca14e49cf320e898134157b8585a3597490ad8c1fa7c6d947246a64a",
    "https://esm.sh/v128/@noble/hashes@1.3.1/denonext/_assert.js": "d22dfffef44f75a84f61b9cedac204d6d39d6ccb14fc489e81bb9ab68de5f1c7",
    "https://esm.sh/v128/@noble/hashes@1.3.1/denonext/crypto.js": "e5093e778286b86d71d5ebafa091b754ed5e1320e74dcd5f5b47088b8269eb2b",
    "https://esm.sh/v128/@noble/hashes@1.3.1/denonext/sha3.js": "2e52b6ee16a45d9d47af74b885a171f03590c7be5883830bd39a2f3917764d08",
    "https://esm.sh/v128/@noble/hashes@1.3.1/denonext/utils.js": "7a4b9797ca5d0b506f0a5f880f634f59b0427373d55e858d06c013053f0df6e1",
    "https://esm.sh/v128/@paralleldrive/cuid2@2.2.1/denonext/cuid2.mjs": "58a78a517a1c3903995a0fe8498f7a6222f5ad46e7145186cc3cdecd5a3eb27d",
    "https://esm.sh/v129/@supabase/functions-js@2.1.2/denonext/functions-js.mjs": "47444f292e307d83d5542e66994e99f78b1ba482c673289db8a92e012ecd54f4",
    "https://esm.sh/v129/@supabase/gotrue-js@2.43.1/denonext/gotrue-js.mjs": "1bc593178044458bd9d513607f51b756d5365439531eb4f4f6255a66dfa828f6",
    "https://esm.sh/v129/@supabase/postgrest-js@1.7.2/denonext/postgrest-js.mjs": "72c5e25dbb50fa87ca65e5b8d37c8149a4440ca40f371899e1054092dee3b94c",
    "https://esm.sh/v129/@supabase/realtime-js@2.7.3/denonext/realtime-js.mjs": "7483498f8929727d0a4d086703673a341a669bd60ef9aac446dcdbe34dadefe4",
    "https://esm.sh/v129/@supabase/storage-js@2.5.1/denonext/storage-js.mjs": "906891de58940b5dde5986928674ae3a9f587158d23a7f7036ab204e95feb005",
    "https://esm.sh/v129/@supabase/supabase-js@2.29.0/denonext/supabase-js.mjs": "ad106091d7ece380a779fcb89f5554703ea15882c334606b346a21062afdc6a4",
    "https://esm.sh/v129/cross-fetch@3.1.8/denonext/cross-fetch.mjs": "8fba9e7c3fbaf0d2168beb63ce0cd21b5bfbfbd77e2fcbf8d957d533a71222f6",
    "https://esm.sh/v129/es5-ext@0.10.62/denonext/global.js": "2f51d9acef1f761faaa542da919b3c747744ea29fe709d0a904fd531716a93d6",
    "https://esm.sh/v129/websocket@1.0.34/denonext/websocket.mjs": "8d8565e250b084b34b9a9345f2368772b0ceeeae302543c7e2bd2c4e3fb5c4a0"
  }
}
